# THIS IS AN AUTOGENERATED FILE. DO NOT EDIT THIS FILE DIRECTLY.
# yarn lockfile v1


country-flag-icons@^1.4.10:
  version "1.5.7"
  resolved "https://registry.yarnpkg.com/country-flag-icons/-/country-flag-icons-1.5.7.tgz#f1f2ddf14f3cbf01cba6746374aeba94db35d4b4"
  integrity sha512-AdvXhMcmSp7nBSkpGfW4qR/luAdRUutJqya9PuwRbsBzuoknThfultbv7Ib6fWsHXC43Es/4QJ8gzQQdBNm75A==

lodash@^4.17.21:
  version "4.17.21"
  resolved "https://registry.yarnpkg.com/lodash/-/lodash-4.17.21.tgz#679591c564c3bffaae8454cf0b3df370c3d6911c"
  integrity sha512-v2kDEe57lecTulaDIuNTPy3Ry4gLGJ6Z1O3vE1krgXZNrsQ+LFTGHVxVjcXPs17LhbZVGedAJv8XZ1tvj5FvSg==

material-ui-phone-number@^3.0.0:
  version "3.0.0"
  resolved "https://registry.yarnpkg.com/material-ui-phone-number/-/material-ui-phone-number-3.0.0.tgz#4ea0d045f50af26db0994816520095be57d20dc1"
  integrity sha512-wZX1PYv990nJUBko93AQxIfvFARHfMtnV/UT1/hVnbJP5x/K7MDuT5T2/ckIG6xyqTZ/wCcHdEK1P60uTOORwA==
  dependencies:
    country-flag-icons "^1.4.10"
    lodash "^4.17.21"
